
Microsoft Visual Studio Solution File, Format Version 12.00
# Visual Studio Version 16
VisualStudioVersion = 16.0.29411.108
MinimumVisualStudioVersion = 10.0.40219.1
Project("{FAE04EC0-301F-11D3-BF4B-00C04F79EFBC}") = "Housing", "Housing.csproj", "{A229332E-B252-4B22-B037-79A1AC0E79A1}"
EndProject
Global
	GlobalSection(SolutionConfigurationPlatforms) = preSolution
		Debug|x64 = Debug|x64
		Release|x64 = Release|x64
	EndGlobalSection
	GlobalSection(ProjectConfigurationPlatforms) = postSolution
		{A229332E-B252-4B22-B037-79A1AC0E79A1}.Debug|x64.ActiveCfg = Debug|x64
		{A229332E-B252-4B22-B037-79A1AC0E79A1}.Debug|x64.Build.0 = Debug|x64
		{A229332E-B252-4B22-B037-79A1AC0E79A1}.Release|x64.ActiveCfg = Release|x64
		{A229332E-B252-4B22-B037-79A1AC0E79A1}.Release|x64.Build.0 = Release|x64
	EndGlobalSection
	GlobalSection(SolutionProperties) = preSolution
		HideSolutionNode = FALSE
	EndGlobalSection
	GlobalSection(ExtensibilityGlobals) = postSolution
		SolutionGuid = {14409D11-1935-4A87-9CD0-E560716C2FFD}
	EndGlobalSection
EndGlobal
